# This file is automatically @generated by Cargo.
# It is not intended for manual editing.
version = 4

[[package]]
name = "fm1-core"
version = "0.0.0"
dependencies = [
 "fm1-isa",
]

[[package]]
name = "fm1-emu"
version = "0.0.0"
dependencies = [
 "fm1-core",
 "fm1-isa",
 "fm1-soc",
]

[[package]]
name = "fm1-gdbstub"
version = "0.0.0"
dependencies = [
 "fm1-core",
]

[[package]]
name = "fm1-isa"
version = "0.0.0"

[[package]]
name = "fm1-soc"
version = "0.0.0"
dependencies = [
 "fm1-core",
]
